{
  "name": "edc-popover-ng",
  "version": "4.1.0-beta-2",
  "lockfileVersion": 1,
  "requires": true,
  "dependencies": {
    "@popperjs/core": {
      "version": "2.5.2",
      "resolved": "https://registry.npmjs.org/@popperjs/core/-/core-2.5.2.tgz",
      "integrity": "sha512-tVkIU9JQw5fYPxLQgok/a7I6J1eEZ79svwQGpe2mb3jlVsPADOleefOnQBiS/takK7jQuNeswCUicMH1VWVziA=="
    },
    "axios": {
      "version": "0.19.0",
      "resolved": "https://registry.npmjs.org/axios/-/axios-0.19.0.tgz",
      "integrity": "sha512-1uvKqKQta3KBxIz14F2v06AEHZ/dIoeKfbTRkK1E5oqjDnuEerLmYTgJB5AiQZHJcljpg1TuRzdjDR06qNk0DQ==",
      "requires": {
        "follow-redirects": "1.5.10",
        "is-buffer": "^2.0.2"
      }
    },
    "debug": {
      "version": "3.1.0",
      "resolved": "https://registry.npmjs.org/debug/-/debug-3.1.0.tgz",
      "integrity": "sha512-OX8XqP7/1a9cqkxYw2yXss15f26NKWBpDXQd0/uK/KPqdQhxbPa994hnzjcE2VqQpDslf55723cKPUOGSmMY3g==",
      "requires": {
        "ms": "2.0.0"
      }
    },
    "edc-client-js": {
      "version": "3.1.3",
      "resolved": "https://registry.npmjs.org/edc-client-js/-/edc-client-js-3.1.3.tgz",
      "integrity": "sha512-JiMINE5P4Qrf0v/hVudkdF1Hpv+4HEm1fjqHlVukUJw7L+PIjo/b5b8Gr834eBQ6vt3UPYzWPrBlYUV85q10BQ==",
      "requires": {
        "axios": "0.19.0",
        "es6-promise": "4.2.8",
        "lodash": "4.17.15"
      }
    },
    "edc-popover-utils": {
      "version": "1.0.0-beta-1",
      "resolved": "https://registry.npmjs.org/edc-popover-utils/-/edc-popover-utils-1.0.0-beta-1.tgz",
      "integrity": "sha512-ej+zVlcYQd/IlAcJt1l7CRgbd+ONFT0HsOpPh7Et5CU04odTJ6LbfbMFKQxlYDijfO6DSNecGxrzwHlZTwhQOg==",
      "requires": {
        "tippy.js": "^6.2.6"
      }
    },
    "es6-promise": {
      "version": "4.2.8",
      "resolved": "https://registry.npmjs.org/es6-promise/-/es6-promise-4.2.8.tgz",
      "integrity": "sha512-HJDGx5daxeIvxdBxvG2cb9g4tEvwIk3i8+nhX0yGrYmZUzbkdg8QbDevheDB8gd0//uPj4c1EQua8Q+MViT0/w=="
    },
    "follow-redirects": {
      "version": "1.5.10",
      "resolved": "https://registry.npmjs.org/follow-redirects/-/follow-redirects-1.5.10.tgz",
      "integrity": "sha512-0V5l4Cizzvqt5D44aTXbFZz+FtyXV1vrDN6qrelxtfYQKW0KO0W2T/hkE8xvGa/540LkZlkaUjO4ailYTFtHVQ==",
      "requires": {
        "debug": "=3.1.0"
      }
    },
    "is-buffer": {
      "version": "2.0.4",
      "resolved": "https://registry.npmjs.org/is-buffer/-/is-buffer-2.0.4.tgz",
      "integrity": "sha512-Kq1rokWXOPXWuaMAqZiJW4XxsmD9zGx9q4aePabbn3qCRGedtH7Cm+zV8WETitMfu1wdh+Rvd6w5egwSngUX2A=="
    },
    "lodash": {
      "version": "4.17.15",
      "resolved": "https://registry.npmjs.org/lodash/-/lodash-4.17.15.tgz",
      "integrity": "sha512-8xOcRHvCjnocdS5cpwXQXVzmmh5e5+saE2QGoeQmbKmRS6J3VQppPOIt0MnmE+4xlZoumy0GPG0D0MVIQbNA1A=="
    },
    "ms": {
      "version": "2.0.0",
      "resolved": "https://registry.npmjs.org/ms/-/ms-2.0.0.tgz",
      "integrity": "sha1-VgiurfwAvmwpAd9fmGF4jeDVl8g="
    },
    "tippy.js": {
      "version": "6.2.6",
      "resolved": "https://registry.npmjs.org/tippy.js/-/tippy.js-6.2.6.tgz",
      "integrity": "sha512-0tTL3WQNT0nWmpslhDryRahoBm6PT9fh1xXyDfOsvZpDzq52by2rF2nvsW0WX2j9nUZP/jSGDqfKJGjCtoGFKg==",
      "requires": {
        "@popperjs/core": "^2.4.4"
      }
    },
    "tslib": {
      "version": "2.0.1",
      "resolved": "https://registry.npmjs.org/tslib/-/tslib-2.0.1.tgz",
      "integrity": "sha512-SgIkNheinmEBgx1IUNirK0TUD4X9yjjBRTqqjggWCU3pUEqIk3/Uwl3yRixYKT6WjQuGiwDv4NomL3wqRCj+CQ=="
    },
    "typescript": {
      "version": "4.0.3",
      "resolved": "https://registry.npmjs.org/typescript/-/typescript-4.0.3.tgz",
      "integrity": "sha512-tEu6DGxGgRJPb/mVPIZ48e69xCn2yRmCgYmDugAVwmJ6o+0u1RI18eO7E7WBTLYLaEVVOhwQmcdhQHweux/WPg==",
      "dev": true
    }
  }
}
